schema: '2.0'
stages:
  data_ingestion:
    cmd: python src/data/data_ingestion.py
    deps:
    - path: src/data/data_ingestion.py
      hash: md5
      md5: 09f84e61e1e77c6c6d70e134050abe81
      size: 3610
    params:
      params.yaml:
        data_ingestion.test_size: 0.4
    outs:
    - path: data/raw
      hash: md5
      md5: ead5f5864b14f44a1d916f1148a279f7.dir
      size: 817597
      nfiles: 2
  data_preprocessing:
    cmd: python src/data/data_preprocessing.py
    deps:
    - path: data/raw
      hash: md5
      md5: ead5f5864b14f44a1d916f1148a279f7.dir
      size: 817597
      nfiles: 2
    - path: src/data/data_preprocessing.py
      hash: md5
      md5: 00b44da7beff135ab433d4929f06b4c8
      size: 4066
    outs:
    - path: data/interim
      hash: md5
      md5: 414d8d63eda67174b8064acf376d801b.dir
      size: 555834
      nfiles: 2
  feature_engineering:
    cmd: python src/features/feature_engineering.py
    deps:
    - path: data/interim
      hash: md5
      md5: 414d8d63eda67174b8064acf376d801b.dir
      size: 555834
      nfiles: 2
    - path: src/features/feature_engineering.py
      hash: md5
      md5: 7b26ff864eb3e09ad6d16c9d4edf8345
      size: 3873
    params:
      params.yaml:
        feature_engineering.max_features: 4000
    outs:
    - path: data/processed
      hash: md5
      md5: 314d1484e93f111cf92fd41887ee5a56.dir
      size: 83050540
      nfiles: 2
    - path: models/vectorizer.pkl
      hash: md5
      md5: d331e4daa235f033b9d2ad4498ec3b17
      size: 111673
  model_building:
    cmd: python src/model/model_building.py
    deps:
    - path: data/processed
      hash: md5
      md5: 314d1484e93f111cf92fd41887ee5a56.dir
      size: 83050540
      nfiles: 2
    - path: src/model/model_building.py
      hash: md5
      md5: 200b11f47455a2009e783eb98409458e
      size: 2330
    outs:
    - path: models/model.pkl
      hash: md5
      md5: fb6a7d59818fdfb4b8a3c68ae03c8ff1
      size: 32698
  model_evaluation:
    cmd: python src/model/model_evaluation.py
    deps:
    - path: models/model.pkl
      hash: md5
      md5: fb6a7d59818fdfb4b8a3c68ae03c8ff1
      size: 32698
    - path: src/model/model_evaluation.py
      hash: md5
      md5: 6d9e340cc64b8ed5cf8c6048361a0a26
      size: 5673
    outs:
    - path: reports/experiment_info.json
      hash: md5
      md5: f0a3b1ceafbfbbe255b7e1773aba587a
      size: 79
    - path: reports/metrics.json
      hash: md5
      md5: 3888b9159488c70f5ed4b8490a6f3b23
      size: 140
  model_registration:
    cmd: python src/model/register_model.py
    deps:
    - path: reports/experiment_info.json
      hash: md5
      md5: f0a3b1ceafbfbbe255b7e1773aba587a
      size: 79
    - path: src/model/register_model.py
      hash: md5
      md5: 7dfb7fe5fb73c35b7906824fb67dc821
      size: 3105
