schema: '2.0'
stages:
  data_ingestion:
    cmd: python src/data/data_ingestion.py
    deps:
    - path: src/data/data_ingestion.py
      hash: md5
      md5: 09f84e61e1e77c6c6d70e134050abe81
      size: 3610
    params:
      params.yaml:
        data_ingestion.test_size: 0.4
    outs:
    - path: data/raw
      hash: md5
      md5: ead5f5864b14f44a1d916f1148a279f7.dir
      size: 817597
      nfiles: 2
  data_preprocessing:
    cmd: python src/data/data_preprocessing.py
    deps:
    - path: data/raw
      hash: md5
      md5: ead5f5864b14f44a1d916f1148a279f7.dir
      size: 817597
      nfiles: 2
    - path: src/data/data_preprocessing.py
      hash: md5
      md5: 00b44da7beff135ab433d4929f06b4c8
      size: 4066
    outs:
    - path: data/interim
      hash: md5
      md5: 414d8d63eda67174b8064acf376d801b.dir
      size: 555834
      nfiles: 2
  feature_engineering:
    cmd: python src/features/feature_engineering.py
    deps:
    - path: data/interim
      hash: md5
      md5: 414d8d63eda67174b8064acf376d801b.dir
      size: 555834
      nfiles: 2
    - path: src/features/feature_engineering.py
      hash: md5
      md5: 7b26ff864eb3e09ad6d16c9d4edf8345
      size: 3873
    params:
      params.yaml:
        feature_engineering.max_features: 3000
    outs:
    - path: data/processed
      hash: md5
      md5: 20c1cb2af0d825ffcc3f79a7472a2415.dir
      size: 62292540
      nfiles: 2
    - path: models/vectorizer.pkl
      hash: md5
      md5: b423764d64bf0f4fbd3d6e8f39110bbc
      size: 83165
  model_building:
    cmd: python src/model/model_building.py
    deps:
    - path: data/processed
      hash: md5
      md5: 20c1cb2af0d825ffcc3f79a7472a2415.dir
      size: 62292540
      nfiles: 2
    - path: src/model/model_building.py
      hash: md5
      md5: 200b11f47455a2009e783eb98409458e
      size: 2330
    outs:
    - path: models/model.pkl
      hash: md5
      md5: 25a894ffdce1d60e7fe7e06246cdb8cb
      size: 24698
  model_evaluation:
    cmd: python src/model/model_evaluation.py
    deps:
    - path: models/model.pkl
      hash: md5
      md5: 25a894ffdce1d60e7fe7e06246cdb8cb
      size: 24698
    - path: src/model/model_evaluation.py
      hash: md5
      md5: 6d9e340cc64b8ed5cf8c6048361a0a26
      size: 5673
    outs:
    - path: reports/experiment_info.json
      hash: md5
      md5: eb173988cb65f2cdad44de8f16a7977b
      size: 79
    - path: reports/metrics.json
      hash: md5
      md5: 67ea16157604ebbec49eb7253efb87d5
      size: 139
  model_registration:
    cmd: python src/model/register_model.py
    deps:
    - path: reports/experiment_info.json
      hash: md5
      md5: eb173988cb65f2cdad44de8f16a7977b
      size: 79
    - path: src/model/register_model.py
      hash: md5
      md5: 7dfb7fe5fb73c35b7906824fb67dc821
      size: 3105
